// !$*UTF8*$!
{
	archiveVersion = 1;
	classes = {
	};
	objectVersion = 77;
	objects = {

/* Begin PBXBuildFile section */
		03DF703693129B9A8E7524F5 /* Markdown in Frameworks */ = {isa = PBXBuildFile; productRef = C09DE6CF2307485AE0961D73 /* Markdown */; };
		2F69FB3ED5FF43A735060F27 /* Markdown in Frameworks */ = {isa = PBXBuildFile; productRef = E994CA2028E9D9FBB544C395 /* Markdown */; };
		C4F2D3E5B6A71829304B5C6D /* PrivacyInfo.xcprivacy in Resources */ = {isa = PBXBuildFile; fileRef = B3E1C2D4A5F60718293A4B5C /* PrivacyInfo.xcprivacy */; };
		3ACFE68C3DAA4CB9C9F12A8B /* Assets.xcassets in Resources */ = {isa = PBXBuildFile; fileRef = 4135D1734BE9E88018EA134C /* Assets.xcassets */; };
		A7508A301357F41D88C1BB18 /* MDViewQuickLook.appex in Embed Foundation Extensions */ = {isa = PBXBuildFile; fileRef = C6DCCF70338566B6EC152F38 /* MDViewQuickLook.appex */; settings = {ATTRIBUTES = (RemoveHeadersOnCopy, ); }; };
/* End PBXBuildFile section */

/* Begin PBXContainerItemProxy section */
		8AA0480DBFD7DA56B728B5AF /* PBXContainerItemProxy */ = {
			isa = PBXContainerItemProxy;
			containerPortal = DEAED201DA0C6502F76AF804 /* Project object */;
			proxyType = 1;
			remoteGlobalIDString = 45A323975BC291DA934FE5F5;
			remoteInfo = MDViewQuickLook;
		};
/* End PBXContainerItemProxy section */

/* Begin PBXCopyFilesBuildPhase section */
		558689F60E904C4DB1A0822C /* Embed Foundation Extensions */ = {
			isa = PBXCopyFilesBuildPhase;
			buildActionMask = 2147483647;
			dstPath = "";
			dstSubfolderSpec = 13;
			files = (
				A7508A301357F41D88C1BB18 /* MDViewQuickLook.appex in Embed Foundation Extensions */,
			);
			name = "Embed Foundation Extensions";
			runOnlyForDeploymentPostprocessing = 0;
		};
/* End PBXCopyFilesBuildPhase section */

/* Begin PBXFileReference section */
		1011C124ABBA8BE9C0AA2AC2 /* MDView.app */ = {isa = PBXFileReference; explicitFileType = wrapper.application; includeInIndex = 0; path = MDView.app; sourceTree = BUILT_PRODUCTS_DIR; };
		4135D1734BE9E88018EA134C /* Assets.xcassets */ = {isa = PBXFileReference; lastKnownFileType = folder.assetcatalog; path = Assets.xcassets; sourceTree = "<group>"; };
		9CF75AC063ABF2338945726C /* Info.plist */ = {isa = PBXFileReference; lastKnownFileType = text.plist.xml; path = Info.plist; sourceTree = "<group>"; };
		B3E1C2D4A5F60718293A4B5C /* PrivacyInfo.xcprivacy */ = {isa = PBXFileReference; lastKnownFileType = text.xml; path = PrivacyInfo.xcprivacy; sourceTree = "<group>"; };
		C6DCCF70338566B6EC152F38 /* MDViewQuickLook.appex */ = {isa = PBXFileReference; explicitFileType = "wrapper.app-extension"; includeInIndex = 0; path = MDViewQuickLook.appex; sourceTree = BUILT_PRODUCTS_DIR; };
		E1045356A0140B64FF090335 /* MDView.entitlements */ = {isa = PBXFileReference; lastKnownFileType = text.plist.entitlements; path = MDView.entitlements; sourceTree = "<group>"; };
		F8391DA3F618FB1CB78F3D79 /* MDView.xcconfig */ = {isa = PBXFileReference; lastKnownFileType = text.xcconfig; path = MDView.xcconfig; sourceTree = "<group>"; };
/* End PBXFileReference section */

/* Begin PBXFileSystemSynchronizedBuildFileExceptionSet section */
		45D2775DCF6FFB9B5210E988 /* Exceptions for "QuickLook" folder in "MDViewQuickLook" target */ = {
			isa = PBXFileSystemSynchronizedBuildFileExceptionSet;
			membershipExceptions = (
				Info.plist,
			);
			target = 45A323975BC291DA934FE5F5 /* MDViewQuickLook */;
		};
		872D22C4368CC84DE067E9E9 /* Exceptions for "Sources" folder in "MDViewQuickLook" target */ = {
			isa = PBXFileSystemSynchronizedBuildFileExceptionSet;
			membershipExceptions = (
				Shared/HTMLConverter.swift,
				Shared/MarkdownFile.swift,
				Shared/PageStyle.swift,
				Shared/PageTemplate.swift,
			);
			target = 45A323975BC291DA934FE5F5 /* MDViewQuickLook */;
		};
/* End PBXFileSystemSynchronizedBuildFileExceptionSet section */

/* Begin PBXFileSystemSynchronizedRootGroup section */
		D5F0A6F44150F82E0FF504AC /* Sources */ = {
			isa = PBXFileSystemSynchronizedRootGroup;
			exceptions = (
				872D22C4368CC84DE067E9E9 /* Exceptions for "Sources" folder in "MDViewQuickLook" target */,
			);
			path = Sources;
			sourceTree = "<group>";
		};
		EA7E20F66B785865C486A86F /* QuickLook */ = {
			isa = PBXFileSystemSynchronizedRootGroup;
			exceptions = (
				45D2775DCF6FFB9B5210E988 /* Exceptions for "QuickLook" folder in "MDViewQuickLook" target */,
			);
			path = QuickLook;
			sourceTree = "<group>";
		};
/* End PBXFileSystemSynchronizedRootGroup section */

/* Begin PBXFrameworksBuildPhase section */
		201E6A0104FD72AF3E650A8F /* Frameworks */ = {
			isa = PBXFrameworksBuildPhase;
			buildActionMask = 2147483647;
			files = (
				2F69FB3ED5FF43A735060F27 /* Markdown in Frameworks */,
			);
			runOnlyForDeploymentPostprocessing = 0;
		};
		997D46D5F1BCE4AA246C0FCA /* Frameworks */ = {
			isa = PBXFrameworksBuildPhase;
			buildActionMask = 2147483647;
			files = (
				03DF703693129B9A8E7524F5 /* Markdown in Frameworks */,
			);
			runOnlyForDeploymentPostprocessing = 0;
		};
/* End PBXFrameworksBuildPhase section */

/* Begin PBXGroup section */
		1EE569B74A57481BB6F7253E = {
			isa = PBXGroup;
			children = (
				D5F0A6F44150F82E0FF504AC /* Sources */,
				EA7E20F66B785865C486A86F /* QuickLook */,
				E67233EB7C0A0C1DE899E287 /* Support */,
				9FDBEDDF7A19E203EE6FCB87 /* Products */,
			);
			sourceTree = "<group>";
		};
		9FDBEDDF7A19E203EE6FCB87 /* Products */ = {
			isa = PBXGroup;
			children = (
				1011C124ABBA8BE9C0AA2AC2 /* MDView.app */,
				C6DCCF70338566B6EC152F38 /* MDViewQuickLook.appex */,
			);
			name = Products;
			sourceTree = "<group>";
		};
		E67233EB7C0A0C1DE899E287 /* Support */ = {
			isa = PBXGroup;
			children = (
				4135D1734BE9E88018EA134C /* Assets.xcassets */,
				9CF75AC063ABF2338945726C /* Info.plist */,
				E1045356A0140B64FF090335 /* MDView.entitlements */,
				F8391DA3F618FB1CB78F3D79 /* MDView.xcconfig */,
				B3E1C2D4A5F60718293A4B5C /* PrivacyInfo.xcprivacy */,
			);
			path = Support;
			sourceTree = "<group>";
		};
/* End PBXGroup section */

/* Begin PBXNativeTarget section */
		45A323975BC291DA934FE5F5 /* MDViewQuickLook */ = {
			isa = PBXNativeTarget;
			buildConfigurationList = 4ACA0FA8DBE445DD9B25D31C /* Build configuration list for PBXNativeTarget "MDViewQuickLook" */;
			buildPhases = (
				418A713FC5EC8BDB2B184B2F /* Sources */,
				997D46D5F1BCE4AA246C0FCA /* Frameworks */,
				E66ACC89AF348BF4C3181811 /* Resources */,
			);
			buildRules = (
			);
			dependencies = (
			);
			fileSystemSynchronizedGroups = (
				EA7E20F66B785865C486A86F /* QuickLook */,
			);
			name = MDViewQuickLook;
			packageProductDependencies = (
				C09DE6CF2307485AE0961D73 /* Markdown */,
			);
			productName = MDViewQuickLook;
			productReference = C6DCCF70338566B6EC152F38 /* MDViewQuickLook.appex */;
			productType = "com.apple.product-type.app-extension";
		};
		8E9B1325D6670EC6D521E621 /* MDView */ = {
			isa = PBXNativeTarget;
			buildConfigurationList = AFDE3B9B24E83E7F6DE909C9 /* Build configuration list for PBXNativeTarget "MDView" */;
			buildPhases = (
				2F11AA385C7715C246F32B4D /* Sources */,
				201E6A0104FD72AF3E650A8F /* Frameworks */,
				C03D59DED55A1B4132FAA394 /* Resources */,
				558689F60E904C4DB1A0822C /* Embed Foundation Extensions */,
			);
			buildRules = (
			);
			dependencies = (
				1622FB2AB52D3F0453AA782C /* PBXTargetDependency */,
			);
			fileSystemSynchronizedGroups = (
				D5F0A6F44150F82E0FF504AC /* Sources */,
			);
			name = MDView;
			packageProductDependencies = (
				E994CA2028E9D9FBB544C395 /* Markdown */,
			);
			productName = MDView;
			productReference = 1011C124ABBA8BE9C0AA2AC2 /* MDView.app */;
			productType = "com.apple.product-type.application";
		};
/* End PBXNativeTarget section */

/* Begin PBXProject section */
		DEAED201DA0C6502F76AF804 /* Project object */ = {
			isa = PBXProject;
			attributes = {
				BuildIndependentTargetsInParallel = 1;
				LastSwiftUpdateCheck = 2700;
				LastUpgradeCheck = 2700;
				TargetAttributes = {
					45A323975BC291DA934FE5F5 = {
						CreatedOnToolsVersion = 27.0;
					};
					8E9B1325D6670EC6D521E621 = {
						CreatedOnToolsVersion = 27.0;
					};
				};
			};
			buildConfigurationList = C10D23020D9D64A86E055756 /* Build configuration list for PBXProject "MDView" */;
			developmentRegion = en;
			hasScannedForEncodings = 0;
			knownRegions = (
				en,
				Base,
			);
			mainGroup = 1EE569B74A57481BB6F7253E;
			minimizedProjectReferenceProxies = 1;
			packageReferences = (
				7888FF8E2455643058EB0263 /* XCRemoteSwiftPackageReference "swift-markdown" */,
			);
			preferredProjectObjectVersion = 77;
			productRefGroup = 9FDBEDDF7A19E203EE6FCB87 /* Products */;
			projectDirPath = "";
			projectRoot = "";
			targets = (
				8E9B1325D6670EC6D521E621 /* MDView */,
				45A323975BC291DA934FE5F5 /* MDViewQuickLook */,
			);
		};
/* End PBXProject section */

/* Begin PBXResourcesBuildPhase section */
		C03D59DED55A1B4132FAA394 /* Resources */ = {
			isa = PBXResourcesBuildPhase;
			buildActionMask = 2147483647;
			files = (
				3ACFE68C3DAA4CB9C9F12A8B /* Assets.xcassets in Resources */,
				C4F2D3E5B6A71829304B5C6D /* PrivacyInfo.xcprivacy in Resources */,
			);
			runOnlyForDeploymentPostprocessing = 0;
		};
		E66ACC89AF348BF4C3181811 /* Resources */ = {
			isa = PBXResourcesBuildPhase;
			buildActionMask = 2147483647;
			files = (
			);
			runOnlyForDeploymentPostprocessing = 0;
		};
/* End PBXResourcesBuildPhase section */

/* Begin PBXSourcesBuildPhase section */
		2F11AA385C7715C246F32B4D /* Sources */ = {
			isa = PBXSourcesBuildPhase;
			buildActionMask = 2147483647;
			files = (
			);
			runOnlyForDeploymentPostprocessing = 0;
		};
		418A713FC5EC8BDB2B184B2F /* Sources */ = {
			isa = PBXSourcesBuildPhase;
			buildActionMask = 2147483647;
			files = (
			);
			runOnlyForDeploymentPostprocessing = 0;
		};
/* End PBXSourcesBuildPhase section */

/* Begin PBXTargetDependency section */
		1622FB2AB52D3F0453AA782C /* PBXTargetDependency */ = {
			isa = PBXTargetDependency;
			target = 45A323975BC291DA934FE5F5 /* MDViewQuickLook */;
			targetProxy = 8AA0480DBFD7DA56B728B5AF /* PBXContainerItemProxy */;
		};
/* End PBXTargetDependency section */

/* Begin XCBuildConfiguration section */
		2A1C7EFE573233151DBF8BE0 /* Debug */ = {
			isa = XCBuildConfiguration;
			baseConfigurationReference = F8391DA3F618FB1CB78F3D79 /* MDView.xcconfig */;
			buildSettings = {
				ALWAYS_SEARCH_USER_PATHS = NO;
				ASSETCATALOG_COMPILER_GENERATE_SWIFT_ASSET_SYMBOL_EXTENSIONS = YES;
				CLANG_ENABLE_MODULES = YES;
				CLANG_ENABLE_OBJC_ARC = YES;
				COPY_PHASE_STRIP = NO;
				DEBUG_INFORMATION_FORMAT = dwarf;
				ENABLE_STRICT_OBJC_MSGSEND = YES;
				ENABLE_TESTABILITY = YES;
				ENABLE_USER_SCRIPT_SANDBOXING = YES;
				GCC_NO_COMMON_BLOCKS = YES;
				GCC_OPTIMIZATION_LEVEL = 0;
				LOCALIZATION_PREFERS_STRING_CATALOGS = YES;
				ONLY_ACTIVE_ARCH = YES;
				SDKROOT = macosx;
				SWIFT_ACTIVE_COMPILATION_CONDITIONS = "DEBUG $(inherited)";
				SWIFT_OPTIMIZATION_LEVEL = "-Onone";
				SWIFT_VERSION = 5.0;
			};
			name = Debug;
		};
		45EF184EC9CD369A3FB79806 /* Release */ = {
			isa = XCBuildConfiguration;
			baseConfigurationReference = F8391DA3F618FB1CB78F3D79 /* MDView.xcconfig */;
			buildSettings = {
				ALWAYS_SEARCH_USER_PATHS = NO;
				ASSETCATALOG_COMPILER_GENERATE_SWIFT_ASSET_SYMBOL_EXTENSIONS = YES;
				CLANG_ENABLE_MODULES = YES;
				CLANG_ENABLE_OBJC_ARC = YES;
				COPY_PHASE_STRIP = NO;
				DEBUG_INFORMATION_FORMAT = "dwarf-with-dsym";
				ENABLE_NS_ASSERTIONS = NO;
				ENABLE_STRICT_OBJC_MSGSEND = YES;
				ENABLE_USER_SCRIPT_SANDBOXING = YES;
				GCC_NO_COMMON_BLOCKS = YES;
				LOCALIZATION_PREFERS_STRING_CATALOGS = YES;
				SDKROOT = macosx;
				SWIFT_COMPILATION_MODE = wholemodule;
				SWIFT_VERSION = 5.0;
			};
			name = Release;
		};
		4E8CA285B84286D156E94005 /* Release */ = {
			isa = XCBuildConfiguration;
			buildSettings = {
				CODE_SIGN_ENTITLEMENTS = QuickLook/QuickLook.entitlements;
				ENABLE_HARDENED_RUNTIME = YES;
				GENERATE_INFOPLIST_FILE = NO;
				INFOPLIST_FILE = QuickLook/Info.plist;
				LD_RUNPATH_SEARCH_PATHS = (
					"$(inherited)",
					"@executable_path/../Frameworks",
					"@executable_path/../../../../Frameworks",
				);
				PRODUCT_BUNDLE_IDENTIFIER = "$(inherited).QuickLook";
				PRODUCT_NAME = MDViewQuickLook;
				SKIP_INSTALL = YES;
			};
			name = Release;
		};
		7B702F8103067949C495FEFF /* Debug */ = {
			isa = XCBuildConfiguration;
			buildSettings = {
				CODE_SIGN_ENTITLEMENTS = QuickLook/QuickLook.entitlements;
				ENABLE_HARDENED_RUNTIME = YES;
				GENERATE_INFOPLIST_FILE = NO;
				INFOPLIST_FILE = QuickLook/Info.plist;
				LD_RUNPATH_SEARCH_PATHS = (
					"$(inherited)",
					"@executable_path/../Frameworks",
					"@executable_path/../../../../Frameworks",
				);
				PRODUCT_BUNDLE_IDENTIFIER = "$(inherited).QuickLook";
				PRODUCT_NAME = MDViewQuickLook;
				SKIP_INSTALL = YES;
			};
			name = Debug;
		};
		B9AA61973CA4A432BECAC67B /* Release */ = {
			isa = XCBuildConfiguration;
			buildSettings = {
				ASSETCATALOG_COMPILER_APPICON_NAME = AppIcon;
				CODE_SIGN_ENTITLEMENTS = Support/MDView.entitlements;
				COMBINE_HIDPI_IMAGES = YES;
				ENABLE_HARDENED_RUNTIME = YES;
				GENERATE_INFOPLIST_FILE = NO;
				INFOPLIST_FILE = Support/Info.plist;
				LD_RUNPATH_SEARCH_PATHS = (
					"$(inherited)",
					"@executable_path/../Frameworks",
				);
			};
			name = Release;
		};
		EB0D90737DB8B2D2C28C99C7 /* Debug */ = {
			isa = XCBuildConfiguration;
			buildSettings = {
				ASSETCATALOG_COMPILER_APPICON_NAME = AppIcon;
				CODE_SIGN_ENTITLEMENTS = Support/MDView.entitlements;
				COMBINE_HIDPI_IMAGES = YES;
				ENABLE_HARDENED_RUNTIME = YES;
				GENERATE_INFOPLIST_FILE = NO;
				INFOPLIST_FILE = Support/Info.plist;
				LD_RUNPATH_SEARCH_PATHS = (
					"$(inherited)",
					"@executable_path/../Frameworks",
				);
			};
			name = Debug;
		};
/* End XCBuildConfiguration section */

/* Begin XCConfigurationList section */
		4ACA0FA8DBE445DD9B25D31C /* Build configuration list for PBXNativeTarget "MDViewQuickLook" */ = {
			isa = XCConfigurationList;
			buildConfigurations = (
				7B702F8103067949C495FEFF /* Debug */,
				4E8CA285B84286D156E94005 /* Release */,
			);
			defaultConfigurationIsVisible = 0;
			defaultConfigurationName = Release;
		};
		AFDE3B9B24E83E7F6DE909C9 /* Build configuration list for PBXNativeTarget "MDView" */ = {
			isa = XCConfigurationList;
			buildConfigurations = (
				EB0D90737DB8B2D2C28C99C7 /* Debug */,
				B9AA61973CA4A432BECAC67B /* Release */,
			);
			defaultConfigurationIsVisible = 0;
			defaultConfigurationName = Release;
		};
		C10D23020D9D64A86E055756 /* Build configuration list for PBXProject "MDView" */ = {
			isa = XCConfigurationList;
			buildConfigurations = (
				2A1C7EFE573233151DBF8BE0 /* Debug */,
				45EF184EC9CD369A3FB79806 /* Release */,
			);
			defaultConfigurationIsVisible = 0;
			defaultConfigurationName = Release;
		};
/* End XCConfigurationList section */

/* Begin XCRemoteSwiftPackageReference section */
		7888FF8E2455643058EB0263 /* XCRemoteSwiftPackageReference "swift-markdown" */ = {
			isa = XCRemoteSwiftPackageReference;
			repositoryURL = "https://github.com/apple/swift-markdown.git";
			requirement = {
				kind = upToNextMajorVersion;
				minimumVersion = 0.3.0;
			};
		};
/* End XCRemoteSwiftPackageReference section */

/* Begin XCSwiftPackageProductDependency section */
		C09DE6CF2307485AE0961D73 /* Markdown */ = {
			isa = XCSwiftPackageProductDependency;
			package = 7888FF8E2455643058EB0263 /* XCRemoteSwiftPackageReference "swift-markdown" */;
			productName = Markdown;
		};
		E994CA2028E9D9FBB544C395 /* Markdown */ = {
			isa = XCSwiftPackageProductDependency;
			package = 7888FF8E2455643058EB0263 /* XCRemoteSwiftPackageReference "swift-markdown" */;
			productName = Markdown;
		};
/* End XCSwiftPackageProductDependency section */
	};
	rootObject = DEAED201DA0C6502F76AF804 /* Project object */;
}
